# This file is automatically @generated by Cargo.
# It is not intended for manual editing.
[[package]]
name = "hello_world"
version = "0.1.0"
dependencies = [
 "hermit-sys",
]

[[package]]
name = "hermit-sys"
version = "0.1.6"
source = "registry+https://github.com/rust-lang/crates.io-index"
checksum = "100122f1bb8deb09a2832af3256b3d65a4f3c7f1801b59c023475f5e0cb3f494"
